
Microsoft Visual Studio Solution File, Format Version 12.00
# Visual Studio Version 17
VisualStudioVersion = 17.1.32210.238
MinimumVisualStudioVersion = 10.0.40219.1
Project("{FAE04EC0-301F-11D3-BF4B-00C04F79EFBC}") = "nuget", "nuget\nuget.csproj", "{061D39E9-78FC-4171-B9C5-BEDDE41BD7B0}"
EndProject
Global
	GlobalSection(SolutionConfigurationPlatforms) = preSolution
		Debug|Any CPU = Debug|Any CPU
		Release|Any CPU = Release|Any CPU
	EndGlobalSection
	GlobalSection(ProjectConfigurationPlatforms) = postSolution
		{061D39E9-78FC-4171-B9C5-BEDDE41BD7B0}.Debug|Any CPU.ActiveCfg = Debug|Any CPU
		{061D39E9-78FC-4171-B9C5-BEDDE41BD7B0}.Debug|Any CPU.Build.0 = Debug|Any CPU
		{061D39E9-78FC-4171-B9C5-BEDDE41BD7B0}.Release|Any CPU.ActiveCfg = Release|Any CPU
		{061D39E9-78FC-4171-B9C5-BEDDE41BD7B0}.Release|Any CPU.Build.0 = Release|Any CPU
	EndGlobalSection
	GlobalSection(SolutionProperties) = preSolution
		HideSolutionNode = FALSE
	EndGlobalSection
	GlobalSection(ExtensibilityGlobals) = postSolution
		SolutionGuid = {54DB868A-CCBA-4734-8795-A49EA1A3E1CC}
	EndGlobalSection
EndGlobal
